{
  "name": "goliath",
  "version": "1.0.0",
  "description": "Goliath Discord Bot",
  "main": "server.js",
  "private": true,
  "scripts": {
    "bot": "node server.js",
    "api": "node dashboard/server/index.js",
    "client": "npm run dev --prefix dashboard/client",
    "dev": "concurrently --names \"BOT,API,CLIENT\" --prefix \"[{name}]\" \"npm run bot\" \"npm run api\" \"npm run client\"",
    "start": "npm run dev",
    "sync": "node src/utils/utility/syncCommands.js",
    "sync:global": "cross-env COMMAND_MODE=global node src/utils/utility/syncCommands.js",
    "sync:guild": "cross-env COMMAND_MODE=guild node src/utils/utility/syncCommands.js"
  },
  "dependencies": {
    "discord.js": "^14.15.0",
    "dotenv": "^16.4.5",
    "express": "^4.19.2",
    "socket.io": "^4.7.5",
    "node-fetch": "^2.6.12"
  },
  "devDependencies": {
    "concurrently": "^8.2.2",
    "cross-env": "^7.0.3"
  }
}